// !$*UTF8*$!
{
	archiveVersion = 1;
	classes = {
	};
	objectVersion = 50;
	objects = {

/* Begin PBXBuildFile section */
		FC2192A426B31F6D005BBD76 /* UIViewController+Extension.swift in Sources */ = {isa = PBXBuildFile; fileRef = FC2192A326B31F6D005BBD76 /* UIViewController+Extension.swift */; };
		FC2192A626B4A0C2005BBD76 /* CoreDataManager.swift in Sources */ = {isa = PBXBuildFile; fileRef = FC2192A526B4A0C2005BBD76 /* CoreDataManager.swift */; };
		FC3BDE7026A9FD6400D945C8 /* AppDelegate.swift in Sources */ = {isa = PBXBuildFile; fileRef = FC3BDE6F26A9FD6400D945C8 /* AppDelegate.swift */; };
		FC3BDE7226A9FD6400D945C8 /* SceneDelegate.swift in Sources */ = {isa = PBXBuildFile; fileRef = FC3BDE7126A9FD6400D945C8 /* SceneDelegate.swift */; };
		FC3BDE7426A9FD6400D945C8 /* TransactionsViewController.swift in Sources */ = {isa = PBXBuildFile; fileRef = FC3BDE7326A9FD6400D945C8 /* TransactionsViewController.swift */; };
		FC3BDE7726A9FD6400D945C8 /* Main.storyboard in Resources */ = {isa = PBXBuildFile; fileRef = FC3BDE7526A9FD6400D945C8 /* Main.storyboard */; };
		FC3BDE7A26A9FD6400D945C8 /* Transaction.xcdatamodeld in Sources */ = {isa = PBXBuildFile; fileRef = FC3BDE7826A9FD6400D945C8 /* Transaction.xcdatamodeld */; };
		FC3BDE7C26A9FD6700D945C8 /* Assets.xcassets in Resources */ = {isa = PBXBuildFile; fileRef = FC3BDE7B26A9FD6700D945C8 /* Assets.xcassets */; };
		FC3BDE7F26A9FD6700D945C8 /* LaunchScreen.storyboard in Resources */ = {isa = PBXBuildFile; fileRef = FC3BDE7D26A9FD6700D945C8 /* LaunchScreen.storyboard */; };
		FC3BDE8A26AA029200D945C8 /* TransactionTableViewCell.swift in Sources */ = {isa = PBXBuildFile; fileRef = FC3BDE8926AA029200D945C8 /* TransactionTableViewCell.swift */; };
		FC3BDE8D26AA087800D945C8 /* TransactionViewModel.swift in Sources */ = {isa = PBXBuildFile; fileRef = FC3BDE8C26AA087800D945C8 /* TransactionViewModel.swift */; };
		FC3BDE9026AA0CD600D945C8 /* TransactionInputViewController.swift in Sources */ = {isa = PBXBuildFile; fileRef = FC3BDE8F26AA0CD600D945C8 /* TransactionInputViewController.swift */; };
		FC77CC8026B744B400DB161A /* TransactionListViewModel.swift in Sources */ = {isa = PBXBuildFile; fileRef = FC77CC7F26B744B400DB161A /* TransactionListViewModel.swift */; };
		FCE01DA526AD9E26000BCF67 /* Date+Extension.swift in Sources */ = {isa = PBXBuildFile; fileRef = FCE01DA426AD9E26000BCF67 /* Date+Extension.swift */; };
		FCE01DA726AD9FD8000BCF67 /* Double+Extension.swift in Sources */ = {isa = PBXBuildFile; fileRef = FCE01DA626AD9FD8000BCF67 /* Double+Extension.swift */; };
		FCE01DAC26B09EF4000BCF67 /* SortCriteria.swift in Sources */ = {isa = PBXBuildFile; fileRef = FCE01DAB26B09EF4000BCF67 /* SortCriteria.swift */; };
/* End PBXBuildFile section */

/* Begin PBXFileReference section */
		FC2192A326B31F6D005BBD76 /* UIViewController+Extension.swift */ = {isa = PBXFileReference; lastKnownFileType = sourcecode.swift; path = "UIViewController+Extension.swift"; sourceTree = "<group>"; };
		FC2192A526B4A0C2005BBD76 /* CoreDataManager.swift */ = {isa = PBXFileReference; lastKnownFileType = sourcecode.swift; path = CoreDataManager.swift; sourceTree = "<group>"; };
		FC3BDE6C26A9FD6400D945C8 /* MyTransactions.app */ = {isa = PBXFileReference; explicitFileType = wrapper.application; includeInIndex = 0; path = MyTransactions.app; sourceTree = BUILT_PRODUCTS_DIR; };
		FC3BDE6F26A9FD6400D945C8 /* AppDelegate.swift */ = {isa = PBXFileReference; lastKnownFileType = sourcecode.swift; path = AppDelegate.swift; sourceTree = "<group>"; };
		FC3BDE7126A9FD6400D945C8 /* SceneDelegate.swift */ = {isa = PBXFileReference; lastKnownFileType = sourcecode.swift; path = SceneDelegate.swift; sourceTree = "<group>"; };
		FC3BDE7326A9FD6400D945C8 /* TransactionsViewController.swift */ = {isa = PBXFileReference; lastKnownFileType = sourcecode.swift; path = TransactionsViewController.swift; sourceTree = "<group>"; };
		FC3BDE7626A9FD6400D945C8 /* Base */ = {isa = PBXFileReference; lastKnownFileType = file.storyboard; name = Base; path = Base.lproj/Main.storyboard; sourceTree = "<group>"; };
		FC3BDE7926A9FD6400D945C8 /* MyTransactions.xcdatamodel */ = {isa = PBXFileReference; lastKnownFileType = wrapper.xcdatamodel; path = MyTransactions.xcdatamodel; sourceTree = "<group>"; };
		FC3BDE7B26A9FD6700D945C8 /* Assets.xcassets */ = {isa = PBXFileReference; lastKnownFileType = folder.assetcatalog; path = Assets.xcassets; sourceTree = "<group>"; };
		FC3BDE7E26A9FD6700D945C8 /* Base */ = {isa = PBXFileReference; lastKnownFileType = file.storyboard; name = Base; path = Base.lproj/LaunchScreen.storyboard; sourceTree = "<group>"; };
		FC3BDE8026A9FD6700D945C8 /* Info.plist */ = {isa = PBXFileReference; lastKnownFileType = text.plist.xml; path = Info.plist; sourceTree = "<group>"; };
		FC3BDE8926AA029200D945C8 /* TransactionTableViewCell.swift */ = {isa = PBXFileReference; lastKnownFileType = sourcecode.swift; path = TransactionTableViewCell.swift; sourceTree = "<group>"; };
		FC3BDE8C26AA087800D945C8 /* TransactionViewModel.swift */ = {isa = PBXFileReference; lastKnownFileType = sourcecode.swift; path = TransactionViewModel.swift; sourceTree = "<group>"; };
		FC3BDE8F26AA0CD600D945C8 /* TransactionInputViewController.swift */ = {isa = PBXFileReference; lastKnownFileType = sourcecode.swift; path = TransactionInputViewController.swift; sourceTree = "<group>"; };
		FC77CC7F26B744B400DB161A /* TransactionListViewModel.swift */ = {isa = PBXFileReference; lastKnownFileType = sourcecode.swift; path = TransactionListViewModel.swift; sourceTree = "<group>"; };
		FCE01DA426AD9E26000BCF67 /* Date+Extension.swift */ = {isa = PBXFileReference; lastKnownFileType = sourcecode.swift; path = "Date+Extension.swift"; sourceTree = "<group>"; };
		FCE01DA626AD9FD8000BCF67 /* Double+Extension.swift */ = {isa = PBXFileReference; lastKnownFileType = sourcecode.swift; path = "Double+Extension.swift"; sourceTree = "<group>"; };
		FCE01DAB26B09EF4000BCF67 /* SortCriteria.swift */ = {isa = PBXFileReference; lastKnownFileType = sourcecode.swift; path = SortCriteria.swift; sourceTree = "<group>"; };
/* End PBXFileReference section */

/* Begin PBXFrameworksBuildPhase section */
		FC3BDE6926A9FD6400D945C8 /* Frameworks */ = {
			isa = PBXFrameworksBuildPhase;
			buildActionMask = 2147483647;
			files = (
			);
			runOnlyForDeploymentPostprocessing = 0;
		};
/* End PBXFrameworksBuildPhase section */

/* Begin PBXGroup section */
		FC3BDE6326A9FD6400D945C8 = {
			isa = PBXGroup;
			children = (
				FC3BDE6E26A9FD6400D945C8 /* MyTransactions */,
				FC3BDE6D26A9FD6400D945C8 /* Products */,
			);
			sourceTree = "<group>";
		};
		FC3BDE6D26A9FD6400D945C8 /* Products */ = {
			isa = PBXGroup;
			children = (
				FC3BDE6C26A9FD6400D945C8 /* MyTransactions.app */,
			);
			name = Products;
			sourceTree = "<group>";
		};
		FC3BDE6E26A9FD6400D945C8 /* MyTransactions */ = {
			isa = PBXGroup;
			children = (
				FC3BDE8626A9FDA200D945C8 /* Model */,
				FC3BDE8E26AA0A3200D945C8 /* View */,
				FC3BDE8B26AA085B00D945C8 /* View Model */,
				FC3BDE9126AA0CE100D945C8 /* View Controllers */,
				FC3BDE6F26A9FD6400D945C8 /* AppDelegate.swift */,
				FC3BDE7126A9FD6400D945C8 /* SceneDelegate.swift */,
				FCE01DA826B09DC8000BCF67 /* Helper */,
				FCE01DA326AD9DEC000BCF67 /* Extensions */,
				FC3BDE7B26A9FD6700D945C8 /* Assets.xcassets */,
				FC3BDE7D26A9FD6700D945C8 /* LaunchScreen.storyboard */,
				FC3BDE8026A9FD6700D945C8 /* Info.plist */,
			);
			path = MyTransactions;
			sourceTree = "<group>";
		};
		FC3BDE8626A9FDA200D945C8 /* Model */ = {
			isa = PBXGroup;
			children = (
				FC3BDE7826A9FD6400D945C8 /* Transaction.xcdatamodeld */,
				FC2192A526B4A0C2005BBD76 /* CoreDataManager.swift */,
			);
			path = Model;
			sourceTree = "<group>";
		};
		FC3BDE8B26AA085B00D945C8 /* View Model */ = {
			isa = PBXGroup;
			children = (
				FC77CC7F26B744B400DB161A /* TransactionListViewModel.swift */,
				FC3BDE8C26AA087800D945C8 /* TransactionViewModel.swift */,
			);
			name = "View Model";
			sourceTree = "<group>";
		};
		FC3BDE8E26AA0A3200D945C8 /* View */ = {
			isa = PBXGroup;
			children = (
				FC3BDE7526A9FD6400D945C8 /* Main.storyboard */,
				FC3BDE8926AA029200D945C8 /* TransactionTableViewCell.swift */,
			);
			path = View;
			sourceTree = "<group>";
		};
		FC3BDE9126AA0CE100D945C8 /* View Controllers */ = {
			isa = PBXGroup;
			children = (
				FC3BDE7326A9FD6400D945C8 /* TransactionsViewController.swift */,
				FC3BDE8F26AA0CD600D945C8 /* TransactionInputViewController.swift */,
			);
			path = "View Controllers";
			sourceTree = "<group>";
		};
		FCE01DA326AD9DEC000BCF67 /* Extensions */ = {
			isa = PBXGroup;
			children = (
				FCE01DA426AD9E26000BCF67 /* Date+Extension.swift */,
				FCE01DA626AD9FD8000BCF67 /* Double+Extension.swift */,
				FC2192A326B31F6D005BBD76 /* UIViewController+Extension.swift */,
			);
			path = Extensions;
			sourceTree = "<group>";
		};
		FCE01DA826B09DC8000BCF67 /* Helper */ = {
			isa = PBXGroup;
			children = (
				FCE01DAB26B09EF4000BCF67 /* SortCriteria.swift */,
			);
			path = Helper;
			sourceTree = "<group>";
		};
/* End PBXGroup section */

/* Begin PBXNativeTarget section */
		FC3BDE6B26A9FD6400D945C8 /* MyTransactions */ = {
			isa = PBXNativeTarget;
			buildConfigurationList = FC3BDE8326A9FD6700D945C8 /* Build configuration list for PBXNativeTarget "MyTransactions" */;
			buildPhases = (
				FC3BDE6826A9FD6400D945C8 /* Sources */,
				FC3BDE6926A9FD6400D945C8 /* Frameworks */,
				FC3BDE6A26A9FD6400D945C8 /* Resources */,
			);
			buildRules = (
			);
			dependencies = (
			);
			name = MyTransactions;
			productName = MyTransactions;
			productReference = FC3BDE6C26A9FD6400D945C8 /* MyTransactions.app */;
			productType = "com.apple.product-type.application";
		};
/* End PBXNativeTarget section */

/* Begin PBXProject section */
		FC3BDE6426A9FD6400D945C8 /* Project object */ = {
			isa = PBXProject;
			attributes = {
				LastSwiftUpdateCheck = 1250;
				LastUpgradeCheck = 1250;
				TargetAttributes = {
					FC3BDE6B26A9FD6400D945C8 = {
						CreatedOnToolsVersion = 12.5.1;
					};
				};
			};
			buildConfigurationList = FC3BDE6726A9FD6400D945C8 /* Build configuration list for PBXProject "MyTransactions" */;
			compatibilityVersion = "Xcode 9.3";
			developmentRegion = en;
			hasScannedForEncodings = 0;
			knownRegions = (
				en,
				Base,
			);
			mainGroup = FC3BDE6326A9FD6400D945C8;
			productRefGroup = FC3BDE6D26A9FD6400D945C8 /* Products */;
			projectDirPath = "";
			projectRoot = "";
			targets = (
				FC3BDE6B26A9FD6400D945C8 /* MyTransactions */,
			);
		};
/* End PBXProject section */

/* Begin PBXResourcesBuildPhase section */
		FC3BDE6A26A9FD6400D945C8 /* Resources */ = {
			isa = PBXResourcesBuildPhase;
			buildActionMask = 2147483647;
			files = (
				FC3BDE7F26A9FD6700D945C8 /* LaunchScreen.storyboard in Resources */,
				FC3BDE7C26A9FD6700D945C8 /* Assets.xcassets in Resources */,
				FC3BDE7726A9FD6400D945C8 /* Main.storyboard in Resources */,
			);
			runOnlyForDeploymentPostprocessing = 0;
		};
/* End PBXResourcesBuildPhase section */

/* Begin PBXSourcesBuildPhase section */
		FC3BDE6826A9FD6400D945C8 /* Sources */ = {
			isa = PBXSourcesBuildPhase;
			buildActionMask = 2147483647;
			files = (
				FC3BDE7426A9FD6400D945C8 /* TransactionsViewController.swift in Sources */,
				FC77CC8026B744B400DB161A /* TransactionListViewModel.swift in Sources */,
				FC2192A626B4A0C2005BBD76 /* CoreDataManager.swift in Sources */,
				FC2192A426B31F6D005BBD76 /* UIViewController+Extension.swift in Sources */,
				FC3BDE7026A9FD6400D945C8 /* AppDelegate.swift in Sources */,
				FCE01DA726AD9FD8000BCF67 /* Double+Extension.swift in Sources */,
				FC3BDE7A26A9FD6400D945C8 /* Transaction.xcdatamodeld in Sources */,
				FC3BDE7226A9FD6400D945C8 /* SceneDelegate.swift in Sources */,
				FC3BDE9026AA0CD600D945C8 /* TransactionInputViewController.swift in Sources */,
				FCE01DAC26B09EF4000BCF67 /* SortCriteria.swift in Sources */,
				FCE01DA526AD9E26000BCF67 /* Date+Extension.swift in Sources */,
				FC3BDE8A26AA029200D945C8 /* TransactionTableViewCell.swift in Sources */,
				FC3BDE8D26AA087800D945C8 /* TransactionViewModel.swift in Sources */,
			);
			runOnlyForDeploymentPostprocessing = 0;
		};
/* End PBXSourcesBuildPhase section */

/* Begin PBXVariantGroup section */
		FC3BDE7526A9FD6400D945C8 /* Main.storyboard */ = {
			isa = PBXVariantGroup;
			children = (
				FC3BDE7626A9FD6400D945C8 /* Base */,
			);
			name = Main.storyboard;
			sourceTree = "<group>";
		};
		FC3BDE7D26A9FD6700D945C8 /* LaunchScreen.storyboard */ = {
			isa = PBXVariantGroup;
			children = (
				FC3BDE7E26A9FD6700D945C8 /* Base */,
			);
			name = LaunchScreen.storyboard;
			sourceTree = "<group>";
		};
/* End PBXVariantGroup section */

/* Begin XCBuildConfiguration section */
		FC3BDE8126A9FD6700D945C8 /* Debug */ = {
			isa = XCBuildConfiguration;
			buildSettings = {
				ALWAYS_SEARCH_USER_PATHS = NO;
				CLANG_ANALYZER_NONNULL = YES;
				CLANG_ANALYZER_NUMBER_OBJECT_CONVERSION = YES_AGGRESSIVE;
				CLANG_CXX_LANGUAGE_STANDARD = "gnu++14";
				CLANG_CXX_LIBRARY = "libc++";
				CLANG_ENABLE_MODULES = YES;
				CLANG_ENABLE_OBJC_ARC = YES;
				CLANG_ENABLE_OBJC_WEAK = YES;
				CLANG_WARN_BLOCK_CAPTURE_AUTORELEASING = YES;
				CLANG_WARN_BOOL_CONVERSION = YES;
				CLANG_WARN_COMMA = YES;
				CLANG_WARN_CONSTANT_CONVERSION = YES;
				CLANG_WARN_DEPRECATED_OBJC_IMPLEMENTATIONS = YES;
				CLANG_WARN_DIRECT_OBJC_ISA_USAGE = YES_ERROR;
				CLANG_WARN_DOCUMENTATION_COMMENTS = YES;
				CLANG_WARN_EMPTY_BODY = YES;
				CLANG_WARN_ENUM_CONVERSION = YES;
				CLANG_WARN_INFINITE_RECURSION = YES;
				CLANG_WARN_INT_CONVERSION = YES;
				CLANG_WARN_NON_LITERAL_NULL_CONVERSION = YES;
				CLANG_WARN_OBJC_IMPLICIT_RETAIN_SELF = YES;
				CLANG_WARN_OBJC_LITERAL_CONVERSION = YES;
				CLANG_WARN_OBJC_ROOT_CLASS = YES_ERROR;
				CLANG_WARN_QUOTED_INCLUDE_IN_FRAMEWORK_HEADER = YES;
				CLANG_WARN_RANGE_LOOP_ANALYSIS = YES;
				CLANG_WARN_STRICT_PROTOTYPES = YES;
				CLANG_WARN_SUSPICIOUS_MOVE = YES;
				CLANG_WARN_UNGUARDED_AVAILABILITY = YES_AGGRESSIVE;
				CLANG_WARN_UNREACHABLE_CODE = YES;
				CLANG_WARN__DUPLICATE_METHOD_MATCH = YES;
				COPY_PHASE_STRIP = NO;
				DEBUG_INFORMATION_FORMAT = dwarf;
				ENABLE_STRICT_OBJC_MSGSEND = YES;
				ENABLE_TESTABILITY = YES;
				GCC_C_LANGUAGE_STANDARD = gnu11;
				GCC_DYNAMIC_NO_PIC = NO;
				GCC_NO_COMMON_BLOCKS = YES;
				GCC_OPTIMIZATION_LEVEL = 0;
				GCC_PREPROCESSOR_DEFINITIONS = (
					"DEBUG=1",
					"$(inherited)",
				);
				GCC_WARN_64_TO_32_BIT_CONVERSION = YES;
				GCC_WARN_ABOUT_RETURN_TYPE = YES_ERROR;
				GCC_WARN_UNDECLARED_SELECTOR = YES;
				GCC_WARN_UNINITIALIZED_AUTOS = YES_AGGRESSIVE;
				GCC_WARN_UNUSED_FUNCTION = YES;
				GCC_WARN_UNUSED_VARIABLE = YES;
				IPHONEOS_DEPLOYMENT_TARGET = 14.5;
				MTL_ENABLE_DEBUG_INFO = INCLUDE_SOURCE;
				MTL_FAST_MATH = YES;
				ONLY_ACTIVE_ARCH = YES;
				SDKROOT = iphoneos;
				SWIFT_ACTIVE_COMPILATION_CONDITIONS = DEBUG;
				SWIFT_OPTIMIZATION_LEVEL = "-Onone";
			};
			name = Debug;
		};
		FC3BDE8226A9FD6700D945C8 /* Release */ = {
			isa = XCBuildConfiguration;
			buildSettings = {
				ALWAYS_SEARCH_USER_PATHS = NO;
				CLANG_ANALYZER_NONNULL = YES;
				CLANG_ANALYZER_NUMBER_OBJECT_CONVERSION = YES_AGGRESSIVE;
				CLANG_CXX_LANGUAGE_STANDARD = "gnu++14";
				CLANG_CXX_LIBRARY = "libc++";
				CLANG_ENABLE_MODULES = YES;
				CLANG_ENABLE_OBJC_ARC = YES;
				CLANG_ENABLE_OBJC_WEAK = YES;
				CLANG_WARN_BLOCK_CAPTURE_AUTORELEASING = YES;
				CLANG_WARN_BOOL_CONVERSION = YES;
				CLANG_WARN_COMMA = YES;
				CLANG_WARN_CONSTANT_CONVERSION = YES;
				CLANG_WARN_DEPRECATED_OBJC_IMPLEMENTATIONS = YES;
				CLANG_WARN_DIRECT_OBJC_ISA_USAGE = YES_ERROR;
				CLANG_WARN_DOCUMENTATION_COMMENTS = YES;
				CLANG_WARN_EMPTY_BODY = YES;
				CLANG_WARN_ENUM_CONVERSION = YES;
				CLANG_WARN_INFINITE_RECURSION = YES;
				CLANG_WARN_INT_CONVERSION = YES;
				CLANG_WARN_NON_LITERAL_NULL_CONVERSION = YES;
				CLANG_WARN_OBJC_IMPLICIT_RETAIN_SELF = YES;
				CLANG_WARN_OBJC_LITERAL_CONVERSION = YES;
				CLANG_WARN_OBJC_ROOT_CLASS = YES_ERROR;
				CLANG_WARN_QUOTED_INCLUDE_IN_FRAMEWORK_HEADER = YES;
				CLANG_WARN_RANGE_LOOP_ANALYSIS = YES;
				CLANG_WARN_STRICT_PROTOTYPES = YES;
				CLANG_WARN_SUSPICIOUS_MOVE = YES;
				CLANG_WARN_UNGUARDED_AVAILABILITY = YES_AGGRESSIVE;
				CLANG_WARN_UNREACHABLE_CODE = YES;
				CLANG_WARN__DUPLICATE_METHOD_MATCH = YES;
				COPY_PHASE_STRIP = NO;
				DEBUG_INFORMATION_FORMAT = "dwarf-with-dsym";
				ENABLE_NS_ASSERTIONS = NO;
				ENABLE_STRICT_OBJC_MSGSEND = YES;
				GCC_C_LANGUAGE_STANDARD = gnu11;
				GCC_NO_COMMON_BLOCKS = YES;
				GCC_WARN_64_TO_32_BIT_CONVERSION = YES;
				GCC_WARN_ABOUT_RETURN_TYPE = YES_ERROR;
				GCC_WARN_UNDECLARED_SELECTOR = YES;
				GCC_WARN_UNINITIALIZED_AUTOS = YES_AGGRESSIVE;
				GCC_WARN_UNUSED_FUNCTION = YES;
				GCC_WARN_UNUSED_VARIABLE = YES;
				IPHONEOS_DEPLOYMENT_TARGET = 14.5;
				MTL_ENABLE_DEBUG_INFO = NO;
				MTL_FAST_MATH = YES;
				SDKROOT = iphoneos;
				SWIFT_COMPILATION_MODE = wholemodule;
				SWIFT_OPTIMIZATION_LEVEL = "-O";
				VALIDATE_PRODUCT = YES;
			};
			name = Release;
		};
		FC3BDE8426A9FD6700D945C8 /* Debug */ = {
			isa = XCBuildConfiguration;
			buildSettings = {
				ASSETCATALOG_COMPILER_APPICON_NAME = AppIcon;
				ASSETCATALOG_COMPILER_GLOBAL_ACCENT_COLOR_NAME = AccentColor;
				CODE_SIGN_STYLE = Automatic;
				DEVELOPMENT_TEAM = 27QQNC6USD;
				INFOPLIST_FILE = MyTransactions/Info.plist;
				LD_RUNPATH_SEARCH_PATHS = (
					"$(inherited)",
					"@executable_path/Frameworks",
				);
				PRODUCT_BUNDLE_IDENTIFIER = lennyports.MyTransactions;
				PRODUCT_NAME = "$(TARGET_NAME)";
				SWIFT_VERSION = 5.0;
				TARGETED_DEVICE_FAMILY = "1,2";
			};
			name = Debug;
		};
		FC3BDE8526A9FD6700D945C8 /* Release */ = {
			isa = XCBuildConfiguration;
			buildSettings = {
				ASSETCATALOG_COMPILER_APPICON_NAME = AppIcon;
				ASSETCATALOG_COMPILER_GLOBAL_ACCENT_COLOR_NAME = AccentColor;
				CODE_SIGN_STYLE = Automatic;
				DEVELOPMENT_TEAM = 27QQNC6USD;
				INFOPLIST_FILE = MyTransactions/Info.plist;
				LD_RUNPATH_SEARCH_PATHS = (
					"$(inherited)",
					"@executable_path/Frameworks",
				);
				PRODUCT_BUNDLE_IDENTIFIER = lennyports.MyTransactions;
				PRODUCT_NAME = "$(TARGET_NAME)";
				SWIFT_VERSION = 5.0;
				TARGETED_DEVICE_FAMILY = "1,2";
			};
			name = Release;
		};
/* End XCBuildConfiguration section */

/* Begin XCConfigurationList section */
		FC3BDE6726A9FD6400D945C8 /* Build configuration list for PBXProject "MyTransactions" */ = {
			isa = XCConfigurationList;
			buildConfigurations = (
				FC3BDE8126A9FD6700D945C8 /* Debug */,
				FC3BDE8226A9FD6700D945C8 /* Release */,
			);
			defaultConfigurationIsVisible = 0;
			defaultConfigurationName = Release;
		};
		FC3BDE8326A9FD6700D945C8 /* Build configuration list for PBXNativeTarget "MyTransactions" */ = {
			isa = XCConfigurationList;
			buildConfigurations = (
				FC3BDE8426A9FD6700D945C8 /* Debug */,
				FC3BDE8526A9FD6700D945C8 /* Release */,
			);
			defaultConfigurationIsVisible = 0;
			defaultConfigurationName = Release;
		};
/* End XCConfigurationList section */

/* Begin XCVersionGroup section */
		FC3BDE7826A9FD6400D945C8 /* Transaction.xcdatamodeld */ = {
			isa = XCVersionGroup;
			children = (
				FC3BDE7926A9FD6400D945C8 /* MyTransactions.xcdatamodel */,
			);
			currentVersion = FC3BDE7926A9FD6400D945C8 /* MyTransactions.xcdatamodel */;
			path = Transaction.xcdatamodeld;
			sourceTree = "<group>";
			versionGroupType = wrapper.xcdatamodel;
		};
/* End XCVersionGroup section */
	};
	rootObject = FC3BDE6426A9FD6400D945C8 /* Project object */;
}
